{
  "nodes": {
    "nixpkgs": {
      "locked": {
        "lastModified": 1775624923,
        "narHash": "sha256-Z75W6m6ufvQ9EubtBBRz5mj/UHqENFsfRgrj5JOhAR8=",
        "owner": "NixOS",
        "repo": "nixpkgs",
        "rev": "b3054f010f9d31eaf040b8961a4780d183738222",
        "type": "github"
      },
      "original": {
        "owner": "NixOS",
        "ref": "nixos-unstable",
        "repo": "nixpkgs",
        "type": "github"
      }
    },
    "root": {
      "inputs": {
        "nixpkgs": "nixpkgs"
      }
    }
  },
  "root": "root",
  "version": 7
}
